
Microsoft Visual Studio Solution File, Format Version 12.00
# Visual Studio Version 16
VisualStudioVersion = 16.0.29006.145
MinimumVisualStudioVersion = 10.0.40219.1
Project("{9A19103F-16F7-4668-BE54-9A1E7A4F7556}") = "YORed.Domain", "YORed.Domain\YORed.Domain.csproj", "{B4A35CED-6509-4569-A97B-5DF0102928BF}"
EndProject
Project("{FAE04EC0-301F-11D3-BF4B-00C04F79EFBC}") = "YORed", "YORed\YORed.csproj", "{D379CA09-CDA9-4948-B761-77FEE4AACF19}"
EndProject
Global
	GlobalSection(SolutionConfigurationPlatforms) = preSolution
		Debug|Any CPU = Debug|Any CPU
		Release|Any CPU = Release|Any CPU
	EndGlobalSection
	GlobalSection(ProjectConfigurationPlatforms) = postSolution
		{B4A35CED-6509-4569-A97B-5DF0102928BF}.Debug|Any CPU.ActiveCfg = Debug|Any CPU
		{B4A35CED-6509-4569-A97B-5DF0102928BF}.Debug|Any CPU.Build.0 = Debug|Any CPU
		{B4A35CED-6509-4569-A97B-5DF0102928BF}.Release|Any CPU.ActiveCfg = Release|Any CPU
		{B4A35CED-6509-4569-A97B-5DF0102928BF}.Release|Any CPU.Build.0 = Release|Any CPU
		{D379CA09-CDA9-4948-B761-77FEE4AACF19}.Debug|Any CPU.ActiveCfg = Debug|Any CPU
		{D379CA09-CDA9-4948-B761-77FEE4AACF19}.Debug|Any CPU.Build.0 = Debug|Any CPU
		{D379CA09-CDA9-4948-B761-77FEE4AACF19}.Release|Any CPU.ActiveCfg = Release|Any CPU
		{D379CA09-CDA9-4948-B761-77FEE4AACF19}.Release|Any CPU.Build.0 = Release|Any CPU
	EndGlobalSection
	GlobalSection(SolutionProperties) = preSolution
		HideSolutionNode = FALSE
	EndGlobalSection
	GlobalSection(ExtensibilityGlobals) = postSolution
		SolutionGuid = {72F31972-C7C4-4F8D-ADAC-B2FAB5F87CDF}
	EndGlobalSection
EndGlobal
